{
    "_readme": [
        "This file locks the dependencies of your project to a known state",
        "Read more about it at http://getcomposer.org/doc/01-basic-usage.md#composer-lock-the-lock-file",
        "This file is @generated automatically"
    ],
    "hash": "b3b332169ded14fb990f977dd08b7734",
    "packages": [
        {
            "name": "illuminate/config",
            "version": "v4.2.1",
            "target-dir": "Illuminate/Config",
            "source": {
                "type": "git",
                "url": "https://github.com/illuminate/config.git",
                "reference": "cd99d3dc2ca192b7b4003b5f6b31a4b1dd3c8167"
            },
            "dist": {
                "type": "zip",
                "url": "https://api.github.com/repos/illuminate/config/zipball/cd99d3dc2ca192b7b4003b5f6b31a4b1dd3c8167",
                "reference": "cd99d3dc2ca192b7b4003b5f6b31a4b1dd3c8167",
                "shasum": ""
            },
            "require": {
                "illuminate/filesystem": "4.2.*",
                "illuminate/support": "4.2.*",
                "php": ">=5.4.0"
            },
            "type": "library",
            "extra": {
                "branch-alias": {
                    "dev-master": "4.2-dev"
                }
            },
            "autoload": {
                "psr-0": {
                    "Illuminate\\Config": ""
                }
            },
            "notification-url": "https://packagist.org/downloads/",
            "license": [
                "MIT"
            ],
            "authors": [
                {
                    "name": "Taylor Otwell",
                    "email": "taylorotwell@gmail.com",
                    "homepage": "https://github.com/taylorotwell",
                    "role": "Creator of Laravel"
                }
            ],
            "time": "2014-05-23 16:40:19"
        },
        {
            "name": "illuminate/console",
            "version": "v4.2.1",
            "target-dir": "Illuminate/Console",
            "source": {
                "type": "git",
                "url": "https://github.com/illuminate/console.git",
                "reference": "de40c341eeccb1619106e8e8b954eea239aceb68"
            },
            "dist": {
                "type": "zip",
                "url": "https://api.github.com/repos/illuminate/console/zipball/de40c341eeccb1619106e8e8b954eea239aceb68",
                "reference": "de40c341eeccb1619106e8e8b954eea239aceb68",
                "shasum": ""
            },
            "require": {
                "php": ">=5.4.0",
                "symfony/console": "2.5.*"
            },
            "type": "library",
            "extra": {
                "branch-alias": {
                    "dev-master": "4.2-dev"
                }
            },
            "autoload": {
                "psr-0": {
                    "Illuminate\\Console": ""
                }
            },
            "notification-url": "https://packagist.org/downloads/",
            "license": [
                "MIT"
            ],
            "authors": [
                {
                    "name": "Taylor Otwell",
                    "email": "taylorotwell@gmail.com",
                    "homepage": "https://github.com/taylorotwell",
                    "role": "Creator of Laravel"
                }
            ],
            "time": "2014-05-23 16:40:19"
        },
        {
            "name": "illuminate/container",
            "version": "v4.2.1",
            "target-dir": "Illuminate/Container",
            "source": {
                "type": "git",
                "url": "https://github.com/illuminate/container.git",
                "reference": "15d85ddb8b56fef54db5941c9b112cae069606ae"
            },
            "dist": {
                "type": "zip",
                "url": "https://api.github.com/repos/illuminate/container/zipball/15d85ddb8b56fef54db5941c9b112cae069606ae",
                "reference": "15d85ddb8b56fef54db5941c9b112cae069606ae",
                "shasum": ""
            },
            "require": {
                "php": ">=5.4.0"
            },
            "type": "library",
            "extra": {
                "branch-alias": {
                    "dev-master": "4.2-dev"
                }
            },
            "autoload": {
                "psr-0": {
                    "Illuminate\\Container": ""
                }
            },
            "notification-url": "https://packagist.org/downloads/",
            "license": [
                "MIT"
            ],
            "authors": [
                {
                    "name": "Taylor Otwell",
                    "email": "taylorotwell@gmail.com",
                    "homepage": "https://github.com/taylorotwell",
                    "role": "Creator of Laravel"
                }
            ],
            "time": "2014-05-23 16:40:19"
        },
        {
            "name": "illuminate/events",
            "version": "v4.2.1",
            "target-dir": "Illuminate/Events",
            "source": {
                "type": "git",
                "url": "https://github.com/illuminate/events.git",
                "reference": "eb23d436806893b6b05d7ad3b6f52212830c7e4e"
            },
            "dist": {
                "type": "zip",
                "url": "https://api.github.com/repos/illuminate/events/zipball/eb23d436806893b6b05d7ad3b6f52212830c7e4e",
                "reference": "eb23d436806893b6b05d7ad3b6f52212830c7e4e",
                "shasum": ""
            },
            "require": {
                "illuminate/container": "4.2.*",
                "illuminate/support": "4.2.*",
                "php": ">=5.4.0"
            },
            "type": "library",
            "extra": {
                "branch-alias": {
                    "dev-master": "4.2-dev"
                }
            },
            "autoload": {
                "psr-0": {
                    "Illuminate\\Events": ""
                }
            },
            "notification-url": "https://packagist.org/downloads/",
            "license": [
                "MIT"
            ],
            "authors": [
                {
                    "name": "Taylor Otwell",
                    "email": "taylorotwell@gmail.com",
                    "homepage": "https://github.com/taylorotwell",
                    "role": "Creator of Laravel"
                }
            ],
            "time": "2014-05-23 16:40:19"
        },
        {
            "name": "illuminate/filesystem",
            "version": "v4.2.1",
            "target-dir": "Illuminate/Filesystem",
            "source": {
                "type": "git",
                "url": "https://github.com/illuminate/filesystem.git",
                "reference": "568f829aebe886bbe84bcd726e1509f830d5a1b0"
            },
            "dist": {
                "type": "zip",
                "url": "https://api.github.com/repos/illuminate/filesystem/zipball/568f829aebe886bbe84bcd726e1509f830d5a1b0",
                "reference": "568f829aebe886bbe84bcd726e1509f830d5a1b0",
                "shasum": ""
            },
            "require": {
                "illuminate/support": "4.2.*",
                "php": ">=5.4.0",
                "symfony/finder": "2.5.*"
            },
            "type": "library",
            "extra": {
                "branch-alias": {
                    "dev-master": "4.2-dev"
                }
            },
            "autoload": {
                "psr-0": {
                    "Illuminate\\Filesystem": ""
                }
            },
            "notification-url": "https://packagist.org/downloads/",
            "license": [
                "MIT"
            ],
            "authors": [
                {
                    "name": "Taylor Otwell",
                    "email": "taylorotwell@gmail.com",
                    "homepage": "https://github.com/taylorotwell",
                    "role": "Creator of Laravel"
                }
            ],
            "time": "2014-05-23 16:40:19"
        },
        {
            "name": "illuminate/log",
            "version": "v4.2.1",
            "target-dir": "Illuminate/Log",
            "source": {
                "type": "git",
                "url": "https://github.com/illuminate/log.git",
                "reference": "9b3ae8d7159ae45f3db03bf2a83684c7f2b88474"
            },
            "dist": {
                "type": "zip",
                "url": "https://api.github.com/repos/illuminate/log/zipball/9b3ae8d7159ae45f3db03bf2a83684c7f2b88474",
                "reference": "9b3ae8d7159ae45f3db03bf2a83684c7f2b88474",
                "shasum": ""
            },
            "require": {
                "illuminate/support": "4.2.*",
                "monolog/monolog": "~1.6",
                "php": ">=5.4.0"
            },
            "require-dev": {
                "illuminate/events": "4.2.*"
            },
            "type": "library",
            "extra": {
                "branch-alias": {
                    "dev-master": "4.2-dev"
                }
            },
            "autoload": {
                "psr-0": {
                    "Illuminate\\Log": ""
                }
            },
            "notification-url": "https://packagist.org/downloads/",
            "license": [
                "MIT"
            ],
            "authors": [
                {
                    "name": "Taylor Otwell",
                    "email": "taylorotwell@gmail.com",
                    "homepage": "https://github.com/taylorotwell",
                    "role": "Creator of Laravel"
                }
            ],
            "time": "2014-05-23 16:40:19"
        },
        {
            "name": "illuminate/remote",
            "version": "v4.2.1",
            "target-dir": "Illuminate/Remote",
            "source": {
                "type": "git",
                "url": "https://github.com/illuminate/remote.git",
                "reference": "7ba42ea5f526e665062b889632195b947da03d32"
            },
            "dist": {
                "type": "zip",
                "url": "https://api.github.com/repos/illuminate/remote/zipball/7ba42ea5f526e665062b889632195b947da03d32",
                "reference": "7ba42ea5f526e665062b889632195b947da03d32",
                "shasum": ""
            },
            "require": {
                "illuminate/filesystem": "4.2.*",
                "illuminate/support": "4.2.*",
                "php": ">=5.4.0",
                "phpseclib/phpseclib": "0.3.*"
            },
            "require-dev": {
                "illuminate/console": "4.2.*"
            },
            "type": "library",
            "extra": {
                "branch-alias": {
                    "dev-master": "4.2-dev"
                }
            },
            "autoload": {
                "psr-0": {
                    "Illuminate\\Remote": ""
                }
            },
            "notification-url": "https://packagist.org/downloads/",
            "license": [
                "MIT"
            ],
            "authors": [
                {
                    "name": "Taylor Otwell",
                    "email": "taylorotwell@gmail.com",
                    "homepage": "https://github.com/taylorotwell",
                    "role": "Creator of Laravel"
                }
            ],
            "time": "2014-05-25 01:46:11"
        },
        {
            "name": "illuminate/support",
            "version": "v4.2.1",
            "target-dir": "Illuminate/Support",
            "source": {
                "type": "git",
                "url": "https://github.com/illuminate/support.git",
                "reference": "f1dd716598f99ff18b455da3e073a8324d65252e"
            },
            "dist": {
                "type": "zip",
                "url": "https://api.github.com/repos/illuminate/support/zipball/f1dd716598f99ff18b455da3e073a8324d65252e",
                "reference": "f1dd716598f99ff18b455da3e073a8324d65252e",
                "shasum": ""
            },
            "require": {
                "php": ">=5.4.0"
            },
            "require-dev": {
                "jeremeamia/superclosure": "~1.0",
                "patchwork/utf8": "1.1.*"
            },
            "type": "library",
            "extra": {
                "branch-alias": {
                    "dev-master": "4.2-dev"
                }
            },
            "autoload": {
                "psr-0": {
                    "Illuminate\\Support": ""
                },
                "files": [
                    "Illuminate/Support/helpers.php"
                ]
            },
            "notification-url": "https://packagist.org/downloads/",
            "license": [
                "MIT"
            ],
            "authors": [
                {
                    "name": "Taylor Otwell",
                    "email": "taylorotwell@gmail.com",
                    "homepage": "https://github.com/taylorotwell",
                    "role": "Creator of Laravel"
                }
            ],
            "time": "2014-05-30 16:22:28"
        },
        {
            "name": "monolog/monolog",
            "version": "1.10.0",
            "source": {
                "type": "git",
                "url": "https://github.com/Seldaek/monolog.git",
                "reference": "25b16e801979098cb2f120e697bfce454b18bf23"
            },
            "dist": {
                "type": "zip",
                "url": "https://api.github.com/repos/Seldaek/monolog/zipball/25b16e801979098cb2f120e697bfce454b18bf23",
                "reference": "25b16e801979098cb2f120e697bfce454b18bf23",
                "shasum": ""
            },
            "require": {
                "php": ">=5.3.0",
                "psr/log": "~1.0"
            },
            "require-dev": {
                "aws/aws-sdk-php": "~2.4, >2.4.8",
                "doctrine/couchdb": "~1.0@dev",
                "graylog2/gelf-php": "~1.0",
                "phpunit/phpunit": "~3.7.0",
                "raven/raven": "~0.5",
                "ruflin/elastica": "0.90.*"
            },
            "suggest": {
                "aws/aws-sdk-php": "Allow sending log messages to AWS services like DynamoDB",
                "doctrine/couchdb": "Allow sending log messages to a CouchDB server",
                "ext-amqp": "Allow sending log messages to an AMQP server (1.0+ required)",
                "ext-mongo": "Allow sending log messages to a MongoDB server",
                "graylog2/gelf-php": "Allow sending log messages to a GrayLog2 server",
                "raven/raven": "Allow sending log messages to a Sentry server",
                "rollbar/rollbar": "Allow sending log messages to Rollbar",
                "ruflin/elastica": "Allow sending log messages to an Elastic Search server"
            },
            "type": "library",
            "extra": {
                "branch-alias": {
                    "dev-master": "1.10.x-dev"
                }
            },
            "autoload": {
                "psr-4": {
                    "Monolog\\": "src/Monolog"
                }
            },
            "notification-url": "https://packagist.org/downloads/",
            "license": [
                "MIT"
            ],
            "authors": [
                {
                    "name": "Jordi Boggiano",
                    "email": "j.boggiano@seld.be",
                    "homepage": "http://seld.be",
                    "role": "Developer"
                }
            ],
            "description": "Sends your logs to files, sockets, inboxes, databases and various web services",
            "homepage": "http://github.com/Seldaek/monolog",
            "keywords": [
                "log",
                "logging",
                "psr-3"
            ],
            "time": "2014-06-04 16:30:04"
        },
        {
            "name": "phpseclib/phpseclib",
            "version": "0.3.6",
            "source": {
                "type": "git",
                "url": "https://github.com/phpseclib/phpseclib.git",
                "reference": "0ea31d9b65d49a8661e93bec19f44e989bd34c69"
            },
            "dist": {
                "type": "zip",
                "url": "https://api.github.com/repos/phpseclib/phpseclib/zipball/0ea31d9b65d49a8661e93bec19f44e989bd34c69",
                "reference": "0ea31d9b65d49a8661e93bec19f44e989bd34c69",
                "shasum": ""
            },
            "require": {
                "php": ">=5.0.0"
            },
            "require-dev": {
                "squizlabs/php_codesniffer": "1.*"
            },
            "suggest": {
                "ext-gmp": "Install the GMP (GNU Multiple Precision) extension in order to speed up arbitrary precision integer arithmetic operations.",
                "ext-mcrypt": "Install the Mcrypt extension in order to speed up a wide variety of cryptographic operations.",
                "pear-pear/PHP_Compat": "Install PHP_Compat to get phpseclib working on PHP < 4.3.3."
            },
            "type": "library",
            "extra": {
                "branch-alias": {
                    "dev-master": "0.3-dev"
                }
            },
            "autoload": {
                "psr-0": {
                    "Crypt": "phpseclib/",
                    "File": "phpseclib/",
                    "Math": "phpseclib/",
                    "Net": "phpseclib/",
                    "System": "phpseclib/"
                },
                "files": [
                    "phpseclib/Crypt/Random.php"
                ]
            },
            "notification-url": "https://packagist.org/downloads/",
            "include-path": [
                "phpseclib/"
            ],
            "license": [
                "MIT"
            ],
            "authors": [
                {
                    "name": "Jim Wigginton",
                    "email": "terrafrost@php.net",
                    "role": "Lead Developer"
                },
                {
                    "name": "Patrick Monnerat",
                    "email": "pm@datasphere.ch",
                    "role": "Developer"
                },
                {
                    "name": "Andreas Fischer",
                    "email": "bantu@phpbb.com",
                    "role": "Developer"
                },
                {
                    "name": "Hans-Jürgen Petrich",
                    "email": "petrich@tronic-media.com",
                    "role": "Developer"
                }
            ],
            "description": "PHP Secure Communications Library - Pure-PHP implementations of RSA, AES, SSH2, SFTP, X.509 etc.",
            "homepage": "http://phpseclib.sourceforge.net",
            "keywords": [
                "BigInteger",
                "aes",
                "asn.1",
                "asn1",
                "blowfish",
                "crypto",
                "cryptography",
                "encryption",
                "rsa",
                "security",
                "sftp",
                "signature",
                "signing",
                "ssh",
                "twofish",
                "x.509",
                "x509"
            ],
            "time": "2014-02-28 16:05:05"
        },
        {
            "name": "psr/log",
            "version": "1.0.0",
            "source": {
                "type": "git",
                "url": "https://github.com/php-fig/log.git",
                "reference": "fe0936ee26643249e916849d48e3a51d5f5e278b"
            },
            "dist": {
                "type": "zip",
                "url": "https://api.github.com/repos/php-fig/log/zipball/fe0936ee26643249e916849d48e3a51d5f5e278b",
                "reference": "fe0936ee26643249e916849d48e3a51d5f5e278b",
                "shasum": ""
            },
            "type": "library",
            "autoload": {
                "psr-0": {
                    "Psr\\Log\\": ""
                }
            },
            "notification-url": "https://packagist.org/downloads/",
            "license": [
                "MIT"
            ],
            "authors": [
                {
                    "name": "PHP-FIG",
                    "homepage": "http://www.php-fig.org/"
                }
            ],
            "description": "Common interface for logging libraries",
            "keywords": [
                "log",
                "psr",
                "psr-3"
            ],
            "time": "2012-12-21 11:40:51"
        },
        {
            "name": "symfony/console",
            "version": "v2.5.0",
            "target-dir": "Symfony/Component/Console",
            "source": {
                "type": "git",
                "url": "https://github.com/symfony/Console.git",
                "reference": "ef4ca73b0b3a10cbac653d3ca482d0cdd4502b2c"
            },
            "dist": {
                "type": "zip",
                "url": "https://api.github.com/repos/symfony/Console/zipball/ef4ca73b0b3a10cbac653d3ca482d0cdd4502b2c",
                "reference": "ef4ca73b0b3a10cbac653d3ca482d0cdd4502b2c",
                "shasum": ""
            },
            "require": {
                "php": ">=5.3.3"
            },
            "require-dev": {
                "psr/log": "~1.0",
                "symfony/event-dispatcher": "~2.1"
            },
            "suggest": {
                "psr/log": "For using the console logger",
                "symfony/event-dispatcher": ""
            },
            "type": "library",
            "extra": {
                "branch-alias": {
                    "dev-master": "2.5-dev"
                }
            },
            "autoload": {
                "psr-0": {
                    "Symfony\\Component\\Console\\": ""
                }
            },
            "notification-url": "https://packagist.org/downloads/",
            "license": [
                "MIT"
            ],
            "authors": [
                {
                    "name": "Fabien Potencier",
                    "email": "fabien@symfony.com",
                    "homepage": "http://fabien.potencier.org",
                    "role": "Lead Developer"
                },
                {
                    "name": "Symfony Community",
                    "homepage": "http://symfony.com/contributors"
                }
            ],
            "description": "Symfony Console Component",
            "homepage": "http://symfony.com",
            "time": "2014-05-22 08:54:24"
        },
        {
            "name": "symfony/finder",
            "version": "v2.5.0",
            "target-dir": "Symfony/Component/Finder",
            "source": {
                "type": "git",
                "url": "https://github.com/symfony/Finder.git",
                "reference": "307aad2c541bbdf43183043645e186ef2cd6b973"
            },
            "dist": {
                "type": "zip",
                "url": "https://api.github.com/repos/symfony/Finder/zipball/307aad2c541bbdf43183043645e186ef2cd6b973",
                "reference": "307aad2c541bbdf43183043645e186ef2cd6b973",
                "shasum": ""
            },
            "require": {
                "php": ">=5.3.3"
            },
            "type": "library",
            "extra": {
                "branch-alias": {
                    "dev-master": "2.5-dev"
                }
            },
            "autoload": {
                "psr-0": {
                    "Symfony\\Component\\Finder\\": ""
                }
            },
            "notification-url": "https://packagist.org/downloads/",
            "license": [
                "MIT"
            ],
            "authors": [
                {
                    "name": "Fabien Potencier",
                    "email": "fabien@symfony.com",
                    "homepage": "http://fabien.potencier.org",
                    "role": "Lead Developer"
                },
                {
                    "name": "Symfony Community",
                    "homepage": "http://symfony.com/contributors"
                }
            ],
            "description": "Symfony Finder Component",
            "homepage": "http://symfony.com",
            "time": "2014-05-22 13:47:45"
        }
    ],
    "packages-dev": [
        {
            "name": "herrera-io/box",
            "version": "1.5.3",
            "source": {
                "type": "git",
                "url": "https://github.com/herrera-io/php-box.git",
                "reference": "b5432951f85a56df6012f503881174e7aeec6611"
            },
            "dist": {
                "type": "zip",
                "url": "https://api.github.com/repos/herrera-io/php-box/zipball/b5432951f85a56df6012f503881174e7aeec6611",
                "reference": "b5432951f85a56df6012f503881174e7aeec6611",
                "shasum": ""
            },
            "require": {
                "ext-phar": "*",
                "phine/path": "~1.0",
                "php": ">=5.3.3"
            },
            "require-dev": {
                "herrera-io/annotations": "~1.0",
                "herrera-io/phpunit-test-case": "1.*",
                "mikey179/vfsstream": "1.1.0",
                "phpseclib/phpseclib": "~0.3",
                "phpunit/phpunit": "3.7.*"
            },
            "suggest": {
                "herrera-io/annotations": "For compacting annotated docblocks.",
                "phpseclib/phpseclib": "For verifying OpenSSL signed phars without the phar extension."
            },
            "type": "library",
            "extra": {
                "branch-alias": {
                    "dev-master": "1.0-dev"
                }
            },
            "autoload": {
                "psr-0": {
                    "Herrera\\Box": "src/lib"
                }
            },
            "notification-url": "https://packagist.org/downloads/",
            "license": [
                "MIT"
            ],
            "authors": [
                {
                    "name": "Kevin Herrera",
                    "email": "kevin@herrera.io",
                    "homepage": "http://kevin.herrera.io",
                    "role": "Developer"
                }
            ],
            "description": "A library for simplifying the PHAR build process.",
            "homepage": "http://herrera-io.github.com/php-box",
            "keywords": [
                "phar"
            ],
            "time": "2014-02-07 15:48:46"
        },
        {
            "name": "mockery/mockery",
            "version": "0.9.1",
            "source": {
                "type": "git",
                "url": "https://github.com/padraic/mockery.git",
                "reference": "17f63ee40ed14a8afb7ba1f0ae15cc4491d719d1"
            },
            "dist": {
                "type": "zip",
                "url": "https://api.github.com/repos/padraic/mockery/zipball/17f63ee40ed14a8afb7ba1f0ae15cc4491d719d1",
                "reference": "17f63ee40ed14a8afb7ba1f0ae15cc4491d719d1",
                "shasum": ""
            },
            "require": {
                "lib-pcre": ">=7.0",
                "php": ">=5.3.2"
            },
            "require-dev": {
                "hamcrest/hamcrest-php": "~1.1",
                "phpunit/phpunit": "~4.0",
                "satooshi/php-coveralls": "~0.7@dev"
            },
            "type": "library",
            "extra": {
                "branch-alias": {
                    "dev-master": "0.9.x-dev"
                }
            },
            "autoload": {
                "psr-0": {
                    "Mockery": "library/"
                }
            },
            "notification-url": "https://packagist.org/downloads/",
            "license": [
                "BSD-3-Clause"
            ],
            "authors": [
                {
                    "name": "Pádraic Brady",
                    "email": "padraic.brady@gmail.com",
                    "homepage": "http://blog.astrumfutura.com"
                },
                {
                    "name": "Dave Marshall",
                    "email": "dave.marshall@atstsolutions.co.uk",
                    "homepage": "http://davedevelopment.co.uk"
                }
            ],
            "description": "Mockery is a simple yet flexible PHP mock object framework for use in unit testing with PHPUnit, PHPSpec or any other testing framework. Its core goal is to offer a test double framework with a succint API capable of clearly defining all possible object operations and interactions using a human readable Domain Specific Language (DSL). Designed as a drop in alternative to PHPUnit's phpunit-mock-objects library, Mockery is easy to integrate with PHPUnit and can operate alongside phpunit-mock-objects without the World ending.",
            "homepage": "http://github.com/padraic/mockery",
            "keywords": [
                "BDD",
                "TDD",
                "library",
                "mock",
                "mock objects",
                "mockery",
                "stub",
                "test",
                "test double",
                "testing"
            ],
            "time": "2014-05-02 12:16:45"
        },
        {
            "name": "nesbot/carbon",
            "version": "1.9.0",
            "source": {
                "type": "git",
                "url": "https://github.com/briannesbitt/Carbon.git",
                "reference": "b94de7192b01d0e80794eae984dcc773220ab0dc"
            },
            "dist": {
                "type": "zip",
                "url": "https://api.github.com/repos/briannesbitt/Carbon/zipball/b94de7192b01d0e80794eae984dcc773220ab0dc",
                "reference": "b94de7192b01d0e80794eae984dcc773220ab0dc",
                "shasum": ""
            },
            "require": {
                "php": ">=5.3.0"
            },
            "require-dev": {
                "phpunit/phpunit": "3.7.*"
            },
            "type": "library",
            "autoload": {
                "psr-0": {
                    "Carbon": "src"
                }
            },
            "notification-url": "https://packagist.org/downloads/",
            "license": [
                "MIT"
            ],
            "authors": [
                {
                    "name": "Brian Nesbitt",
                    "email": "brian@nesbot.com",
                    "homepage": "http://nesbot.com"
                }
            ],
            "description": "A simple API extension for DateTime.",
            "homepage": "https://github.com/briannesbitt/Carbon",
            "keywords": [
                "date",
                "datetime",
                "time"
            ],
            "time": "2014-05-13 02:29:30"
        },
        {
            "name": "patchwork/utf8",
            "version": "v1.1.23",
            "source": {
                "type": "git",
                "url": "https://github.com/nicolas-grekas/Patchwork-UTF8.git",
                "reference": "c1edbc82aed49ff2bdef0a0f659bf69e3f7b14cc"
            },
            "dist": {
                "type": "zip",
                "url": "https://api.github.com/repos/nicolas-grekas/Patchwork-UTF8/zipball/c1edbc82aed49ff2bdef0a0f659bf69e3f7b14cc",
                "reference": "c1edbc82aed49ff2bdef0a0f659bf69e3f7b14cc",
                "shasum": ""
            },
            "require": {
                "lib-pcre": ">=7.3",
                "php": ">=5.3.0"
            },
            "suggest": {
                "ext-iconv": "Use iconv for best performance",
                "ext-intl": "Use Intl for best performance",
                "ext-mbstring": "Use Mbstring for best performance"
            },
            "type": "library",
            "autoload": {
                "psr-0": {
                    "Patchwork": "class/",
                    "Normalizer": "class/"
                }
            },
            "notification-url": "https://packagist.org/downloads/",
            "license": [
                "(Apache-2.0 or GPL-2.0)"
            ],
            "authors": [
                {
                    "name": "Nicolas Grekas",
                    "email": "p@tchwork.com",
                    "role": "Developer"
                }
            ],
            "description": "Extensive, portable and performant handling of UTF-8 and grapheme clusters for PHP",
            "homepage": "https://github.com/nicolas-grekas/Patchwork-UTF8",
            "keywords": [
                "i18n",
                "unicode",
                "utf-8",
                "utf8"
            ],
            "time": "2014-05-22 13:59:09"
        },
        {
            "name": "phine/exception",
            "version": "1.0.0",
            "source": {
                "type": "git",
                "url": "https://github.com/phine/lib-exception.git",
                "reference": "150c6b6090b2ebc53c60e87cb20c7f1287b7b68a"
            },
            "dist": {
                "type": "zip",
                "url": "https://api.github.com/repos/phine/lib-exception/zipball/150c6b6090b2ebc53c60e87cb20c7f1287b7b68a",
                "reference": "150c6b6090b2ebc53c60e87cb20c7f1287b7b68a",
                "shasum": ""
            },
            "require": {
                "php": ">=5.3.3"
            },
            "require-dev": {
                "league/phpunit-coverage-listener": "~1.0"
            },
            "type": "library",
            "extra": {
                "branch-alias": {
                    "dev-master": "1.0-dev"
                }
            },
            "autoload": {
                "psr-0": {
                    "Phine\\Exception": "src/lib"
                }
            },
            "notification-url": "https://packagist.org/downloads/",
            "license": [
                "MIT"
            ],
            "authors": [
                {
                    "name": "Kevin Herrera",
                    "email": "kevin@herrera.io",
                    "homepage": "http://kevin.herrera.io"
                }
            ],
            "description": "A PHP library for improving the use of exceptions.",
            "homepage": "https://github.com/phine/lib-exception",
            "keywords": [
                "exception"
            ],
            "time": "2013-08-27 17:43:25"
        },
        {
            "name": "phine/path",
            "version": "1.1.0",
            "source": {
                "type": "git",
                "url": "https://github.com/phine/lib-path.git",
                "reference": "cbe1a5eb6cf22958394db2469af9b773508abddd"
            },
            "dist": {
                "type": "zip",
                "url": "https://api.github.com/repos/phine/lib-path/zipball/cbe1a5eb6cf22958394db2469af9b773508abddd",
                "reference": "cbe1a5eb6cf22958394db2469af9b773508abddd",
                "shasum": ""
            },
            "require": {
                "phine/exception": "~1.0",
                "php": ">=5.3.3"
            },
            "require-dev": {
                "league/phpunit-coverage-listener": "~1.0"
            },
            "type": "library",
            "extra": {
                "branch-alias": {
                    "dev-master": "1.0-dev"
                }
            },
            "autoload": {
                "psr-0": {
                    "Phine\\Path": "src/lib"
                }
            },
            "notification-url": "https://packagist.org/downloads/",
            "license": [
                "MIT"
            ],
            "authors": [
                {
                    "name": "Kevin Herrera",
                    "email": "kevin@herrera.io",
                    "homepage": "http://kevin.herrera.io"
                }
            ],
            "description": "A PHP library for improving the use of file system paths.",
            "homepage": "https://github.com/phine/lib-path",
            "keywords": [
                "file",
                "path",
                "system"
            ],
            "time": "2013-10-15 22:58:04"
        }
    ],
    "aliases": [],
    "minimum-stability": "stable",
    "stability-flags": [],
    "platform": {
        "php": ">=5.3.0"
    },
    "platform-dev": []
}
